
Microsoft Visual Studio Solution File, Format Version 12.00
# Visual Studio Version 17
VisualStudioVersion = 17.8.34330.188
MinimumVisualStudioVersion = 10.0.40219.1
Project("{9A19103F-16F7-4668-BE54-9A1E7A4F7556}") = "EventManager.Core", "EventManager.Core\EventManager.Core.csproj", "{75C78445-A204-4053-917F-E4E3691FADFB}"
EndProject
Project("{9A19103F-16F7-4668-BE54-9A1E7A4F7556}") = "EventManager.ConsoleApp", "EventManager.ConsoleApp\EventManager.ConsoleApp.csproj", "{765A1DD8-645E-499B-BF82-7C0C3467A32F}"
EndProject
Global
	GlobalSection(SolutionConfigurationPlatforms) = preSolution
		Debug|Any CPU = Debug|Any CPU
		Release|Any CPU = Release|Any CPU
	EndGlobalSection
	GlobalSection(ProjectConfigurationPlatforms) = postSolution
		{75C78445-A204-4053-917F-E4E3691FADFB}.Debug|Any CPU.ActiveCfg = Debug|Any CPU
		{75C78445-A204-4053-917F-E4E3691FADFB}.Debug|Any CPU.Build.0 = Debug|Any CPU
		{75C78445-A204-4053-917F-E4E3691FADFB}.Release|Any CPU.ActiveCfg = Release|Any CPU
		{75C78445-A204-4053-917F-E4E3691FADFB}.Release|Any CPU.Build.0 = Release|Any CPU
		{765A1DD8-645E-499B-BF82-7C0C3467A32F}.Debug|Any CPU.ActiveCfg = Debug|Any CPU
		{765A1DD8-645E-499B-BF82-7C0C3467A32F}.Debug|Any CPU.Build.0 = Debug|Any CPU
		{765A1DD8-645E-499B-BF82-7C0C3467A32F}.Release|Any CPU.ActiveCfg = Release|Any CPU
		{765A1DD8-645E-499B-BF82-7C0C3467A32F}.Release|Any CPU.Build.0 = Release|Any CPU
	EndGlobalSection
	GlobalSection(SolutionProperties) = preSolution
		HideSolutionNode = FALSE
	EndGlobalSection
	GlobalSection(ExtensibilityGlobals) = postSolution
		SolutionGuid = {997120FF-33CE-4844-99C2-48623883B88A}
	EndGlobalSection
EndGlobal
